// !$*UTF8*$!
{
	archiveVersion = 1;
	classes = {
	};
	objectVersion = 50;
	objects = {

/* Begin PBXBuildFile section */
		7A70225C23453893007C42B4 /* AppDelegate.swift in Sources */ = {isa = PBXBuildFile; fileRef = 7A70225B23453893007C42B4 /* AppDelegate.swift */; };
		7A70225E23453893007C42B4 /* SceneDelegate.swift in Sources */ = {isa = PBXBuildFile; fileRef = 7A70225D23453893007C42B4 /* SceneDelegate.swift */; };
		7A70226023453893007C42B4 /* ViewController.swift in Sources */ = {isa = PBXBuildFile; fileRef = 7A70225F23453893007C42B4 /* ViewController.swift */; };
		7A70226323453893007C42B4 /* Main.storyboard in Resources */ = {isa = PBXBuildFile; fileRef = 7A70226123453893007C42B4 /* Main.storyboard */; };
		7A70226523453894007C42B4 /* Assets.xcassets in Resources */ = {isa = PBXBuildFile; fileRef = 7A70226423453894007C42B4 /* Assets.xcassets */; };
		7A70226823453894007C42B4 /* LaunchScreen.storyboard in Resources */ = {isa = PBXBuildFile; fileRef = 7A70226623453894007C42B4 /* LaunchScreen.storyboard */; };
		7A702287234538C6007C42B4 /* YINUtil.swift in Sources */ = {isa = PBXBuildFile; fileRef = 7A70226F234538C4007C42B4 /* YINUtil.swift */; };
		7A70228A234538C6007C42B4 /* Buffer.swift in Sources */ = {isa = PBXBuildFile; fileRef = 7A702272234538C4007C42B4 /* Buffer.swift */; };
		7A70228B234538C6007C42B4 /* EstimationStrategy.swift in Sources */ = {isa = PBXBuildFile; fileRef = 7A702273234538C4007C42B4 /* EstimationStrategy.swift */; };
		7A70228D234538C6007C42B4 /* Config.swift in Sources */ = {isa = PBXBuildFile; fileRef = 7A702275234538C4007C42B4 /* Config.swift */; };
		7A702290234538C6007C42B4 /* PitchTracker.swift in Sources */ = {isa = PBXBuildFile; fileRef = 7A702278234538C5007C42B4 /* PitchTracker.swift */; };
		7A702291234538C6007C42B4 /* YINTransformer.swift in Sources */ = {isa = PBXBuildFile; fileRef = 7A702279234538C5007C42B4 /* YINTransformer.swift */; };
		7A702293234538C6007C42B4 /* Array+Extensions.swift in Sources */ = {isa = PBXBuildFile; fileRef = 7A70227B234538C5007C42B4 /* Array+Extensions.swift */; };
		7A702294234538C6007C42B4 /* EstimationError.swift in Sources */ = {isa = PBXBuildFile; fileRef = 7A70227C234538C5007C42B4 /* EstimationError.swift */; };
		7A702296234538C6007C42B4 /* SimpleTransformer.swift in Sources */ = {isa = PBXBuildFile; fileRef = 7A70227E234538C5007C42B4 /* SimpleTransformer.swift */; };
		7A702297234538C6007C42B4 /* PitchEngine.swift in Sources */ = {isa = PBXBuildFile; fileRef = 7A70227F234538C5007C42B4 /* PitchEngine.swift */; };
		7A702299234538C6007C42B4 /* YINEstimator.swift in Sources */ = {isa = PBXBuildFile; fileRef = 7A702281234538C6007C42B4 /* YINEstimator.swift */; };
		7A70229B234538C6007C42B4 /* InputSignalTracker.swift in Sources */ = {isa = PBXBuildFile; fileRef = 7A702283234538C6007C42B4 /* InputSignalTracker.swift */; };
		7A70229C234538C6007C42B4 /* Estimator.swift in Sources */ = {isa = PBXBuildFile; fileRef = 7A702284234538C6007C42B4 /* Estimator.swift */; };
		7A70229D234538C6007C42B4 /* Transformer.swift in Sources */ = {isa = PBXBuildFile; fileRef = 7A702285234538C6007C42B4 /* Transformer.swift */; };
		7ADC00C023520C1B00C59B6E /* SegmentationEngine.swift in Sources */ = {isa = PBXBuildFile; fileRef = 7ADC00BF23520C1B00C59B6E /* SegmentationEngine.swift */; };
		7ADC00C223520CBC00C59B6E /* Segment.swift in Sources */ = {isa = PBXBuildFile; fileRef = 7ADC00C123520CBC00C59B6E /* Segment.swift */; };
/* End PBXBuildFile section */

/* Begin PBXFileReference section */
		7A70225823453893007C42B4 /* Pitch Tracker.app */ = {isa = PBXFileReference; explicitFileType = wrapper.application; includeInIndex = 0; path = "Pitch Tracker.app"; sourceTree = BUILT_PRODUCTS_DIR; };
		7A70225B23453893007C42B4 /* AppDelegate.swift */ = {isa = PBXFileReference; lastKnownFileType = sourcecode.swift; path = AppDelegate.swift; sourceTree = "<group>"; };
		7A70225D23453893007C42B4 /* SceneDelegate.swift */ = {isa = PBXFileReference; lastKnownFileType = sourcecode.swift; path = SceneDelegate.swift; sourceTree = "<group>"; };
		7A70225F23453893007C42B4 /* ViewController.swift */ = {isa = PBXFileReference; lastKnownFileType = sourcecode.swift; path = ViewController.swift; sourceTree = "<group>"; };
		7A70226223453893007C42B4 /* Base */ = {isa = PBXFileReference; lastKnownFileType = file.storyboard; name = Base; path = Base.lproj/Main.storyboard; sourceTree = "<group>"; };
		7A70226423453894007C42B4 /* Assets.xcassets */ = {isa = PBXFileReference; lastKnownFileType = folder.assetcatalog; path = Assets.xcassets; sourceTree = "<group>"; };
		7A70226723453894007C42B4 /* Base */ = {isa = PBXFileReference; lastKnownFileType = file.storyboard; name = Base; path = Base.lproj/LaunchScreen.storyboard; sourceTree = "<group>"; };
		7A70226923453894007C42B4 /* Info.plist */ = {isa = PBXFileReference; lastKnownFileType = text.plist.xml; path = Info.plist; sourceTree = "<group>"; };
		7A70226F234538C4007C42B4 /* YINUtil.swift */ = {isa = PBXFileReference; fileEncoding = 4; lastKnownFileType = sourcecode.swift; path = YINUtil.swift; sourceTree = "<group>"; };
		7A702272234538C4007C42B4 /* Buffer.swift */ = {isa = PBXFileReference; fileEncoding = 4; lastKnownFileType = sourcecode.swift; path = Buffer.swift; sourceTree = "<group>"; };
		7A702273234538C4007C42B4 /* EstimationStrategy.swift */ = {isa = PBXFileReference; fileEncoding = 4; lastKnownFileType = sourcecode.swift; path = EstimationStrategy.swift; sourceTree = "<group>"; };
		7A702275234538C4007C42B4 /* Config.swift */ = {isa = PBXFileReference; fileEncoding = 4; lastKnownFileType = sourcecode.swift; path = Config.swift; sourceTree = "<group>"; };
		7A702278234538C5007C42B4 /* PitchTracker.swift */ = {isa = PBXFileReference; fileEncoding = 4; lastKnownFileType = sourcecode.swift; path = PitchTracker.swift; sourceTree = "<group>"; };
		7A702279234538C5007C42B4 /* YINTransformer.swift */ = {isa = PBXFileReference; fileEncoding = 4; lastKnownFileType = sourcecode.swift; path = YINTransformer.swift; sourceTree = "<group>"; };
		7A70227B234538C5007C42B4 /* Array+Extensions.swift */ = {isa = PBXFileReference; fileEncoding = 4; lastKnownFileType = sourcecode.swift; path = "Array+Extensions.swift"; sourceTree = "<group>"; };
		7A70227C234538C5007C42B4 /* EstimationError.swift */ = {isa = PBXFileReference; fileEncoding = 4; lastKnownFileType = sourcecode.swift; path = EstimationError.swift; sourceTree = "<group>"; };
		7A70227E234538C5007C42B4 /* SimpleTransformer.swift */ = {isa = PBXFileReference; fileEncoding = 4; lastKnownFileType = sourcecode.swift; path = SimpleTransformer.swift; sourceTree = "<group>"; };
		7A70227F234538C5007C42B4 /* PitchEngine.swift */ = {isa = PBXFileReference; fileEncoding = 4; lastKnownFileType = sourcecode.swift; path = PitchEngine.swift; sourceTree = "<group>"; };
		7A702281234538C6007C42B4 /* YINEstimator.swift */ = {isa = PBXFileReference; fileEncoding = 4; lastKnownFileType = sourcecode.swift; path = YINEstimator.swift; sourceTree = "<group>"; };
		7A702283234538C6007C42B4 /* InputSignalTracker.swift */ = {isa = PBXFileReference; fileEncoding = 4; lastKnownFileType = sourcecode.swift; path = InputSignalTracker.swift; sourceTree = "<group>"; };
		7A702284234538C6007C42B4 /* Estimator.swift */ = {isa = PBXFileReference; fileEncoding = 4; lastKnownFileType = sourcecode.swift; path = Estimator.swift; sourceTree = "<group>"; };
		7A702285234538C6007C42B4 /* Transformer.swift */ = {isa = PBXFileReference; fileEncoding = 4; lastKnownFileType = sourcecode.swift; path = Transformer.swift; sourceTree = "<group>"; };
		7ADC00BF23520C1B00C59B6E /* SegmentationEngine.swift */ = {isa = PBXFileReference; lastKnownFileType = sourcecode.swift; path = SegmentationEngine.swift; sourceTree = "<group>"; };
		7ADC00C123520CBC00C59B6E /* Segment.swift */ = {isa = PBXFileReference; lastKnownFileType = sourcecode.swift; path = Segment.swift; sourceTree = "<group>"; };
/* End PBXFileReference section */

/* Begin PBXFrameworksBuildPhase section */
		7A70225523453893007C42B4 /* Frameworks */ = {
			isa = PBXFrameworksBuildPhase;
			buildActionMask = 2147483647;
			files = (
			);
			runOnlyForDeploymentPostprocessing = 0;
		};
/* End PBXFrameworksBuildPhase section */

/* Begin PBXGroup section */
		7A70224F23453893007C42B4 = {
			isa = PBXGroup;
			children = (
				7A70225A23453893007C42B4 /* Pitch Tracker */,
				7A70225923453893007C42B4 /* Products */,
			);
			sourceTree = "<group>";
		};
		7A70225923453893007C42B4 /* Products */ = {
			isa = PBXGroup;
			children = (
				7A70225823453893007C42B4 /* Pitch Tracker.app */,
			);
			name = Products;
			sourceTree = "<group>";
		};
		7A70225A23453893007C42B4 /* Pitch Tracker */ = {
			isa = PBXGroup;
			children = (
				7A70227B234538C5007C42B4 /* Array+Extensions.swift */,
				7A702272234538C4007C42B4 /* Buffer.swift */,
				7A702275234538C4007C42B4 /* Config.swift */,
				7A70227C234538C5007C42B4 /* EstimationError.swift */,
				7A702273234538C4007C42B4 /* EstimationStrategy.swift */,
				7A702284234538C6007C42B4 /* Estimator.swift */,
				7A702283234538C6007C42B4 /* InputSignalTracker.swift */,
				7A70227F234538C5007C42B4 /* PitchEngine.swift */,
				7ADC00BF23520C1B00C59B6E /* SegmentationEngine.swift */,
				7ADC00C123520CBC00C59B6E /* Segment.swift */,
				7A702278234538C5007C42B4 /* PitchTracker.swift */,
				7A70227E234538C5007C42B4 /* SimpleTransformer.swift */,
				7A702285234538C6007C42B4 /* Transformer.swift */,
				7A702281234538C6007C42B4 /* YINEstimator.swift */,
				7A702279234538C5007C42B4 /* YINTransformer.swift */,
				7A70226F234538C4007C42B4 /* YINUtil.swift */,
				7A70225B23453893007C42B4 /* AppDelegate.swift */,
				7A70225D23453893007C42B4 /* SceneDelegate.swift */,
				7A70225F23453893007C42B4 /* ViewController.swift */,
				7A70226123453893007C42B4 /* Main.storyboard */,
				7A70226423453894007C42B4 /* Assets.xcassets */,
				7A70226623453894007C42B4 /* LaunchScreen.storyboard */,
				7A70226923453894007C42B4 /* Info.plist */,
			);
			path = "Pitch Tracker";
			sourceTree = "<group>";
		};
/* End PBXGroup section */

/* Begin PBXNativeTarget section */
		7A70225723453893007C42B4 /* Pitch Tracker */ = {
			isa = PBXNativeTarget;
			buildConfigurationList = 7A70226C23453894007C42B4 /* Build configuration list for PBXNativeTarget "Pitch Tracker" */;
			buildPhases = (
				7A70225423453893007C42B4 /* Sources */,
				7A70225523453893007C42B4 /* Frameworks */,
				7A70225623453893007C42B4 /* Resources */,
			);
			buildRules = (
			);
			dependencies = (
			);
			name = "Pitch Tracker";
			productName = "Pitch Tracker";
			productReference = 7A70225823453893007C42B4 /* Pitch Tracker.app */;
			productType = "com.apple.product-type.application";
		};
/* End PBXNativeTarget section */

/* Begin PBXProject section */
		7A70225023453893007C42B4 /* Project object */ = {
			isa = PBXProject;
			attributes = {
				LastSwiftUpdateCheck = 1100;
				LastUpgradeCheck = 1100;
				ORGANIZATIONNAME = Aavu;
				TargetAttributes = {
					7A70225723453893007C42B4 = {
						CreatedOnToolsVersion = 11.0;
					};
				};
			};
			buildConfigurationList = 7A70225323453893007C42B4 /* Build configuration list for PBXProject "Pitch Tracker" */;
			compatibilityVersion = "Xcode 9.3";
			developmentRegion = en;
			hasScannedForEncodings = 0;
			knownRegions = (
				en,
				Base,
			);
			mainGroup = 7A70224F23453893007C42B4;
			productRefGroup = 7A70225923453893007C42B4 /* Products */;
			projectDirPath = "";
			projectRoot = "";
			targets = (
				7A70225723453893007C42B4 /* Pitch Tracker */,
			);
		};
/* End PBXProject section */

/* Begin PBXResourcesBuildPhase section */
		7A70225623453893007C42B4 /* Resources */ = {
			isa = PBXResourcesBuildPhase;
			buildActionMask = 2147483647;
			files = (
				7A70226823453894007C42B4 /* LaunchScreen.storyboard in Resources */,
				7A70226523453894007C42B4 /* Assets.xcassets in Resources */,
				7A70226323453893007C42B4 /* Main.storyboard in Resources */,
			);
			runOnlyForDeploymentPostprocessing = 0;
		};
/* End PBXResourcesBuildPhase section */

/* Begin PBXSourcesBuildPhase section */
		7A70225423453893007C42B4 /* Sources */ = {
			isa = PBXSourcesBuildPhase;
			buildActionMask = 2147483647;
			files = (
				7A70226023453893007C42B4 /* ViewController.swift in Sources */,
				7A70225C23453893007C42B4 /* AppDelegate.swift in Sources */,
				7A70228A234538C6007C42B4 /* Buffer.swift in Sources */,
				7ADC00C023520C1B00C59B6E /* SegmentationEngine.swift in Sources */,
				7A702291234538C6007C42B4 /* YINTransformer.swift in Sources */,
				7A70228B234538C6007C42B4 /* EstimationStrategy.swift in Sources */,
				7A702287234538C6007C42B4 /* YINUtil.swift in Sources */,
				7A702297234538C6007C42B4 /* PitchEngine.swift in Sources */,
				7ADC00C223520CBC00C59B6E /* Segment.swift in Sources */,
				7A70229D234538C6007C42B4 /* Transformer.swift in Sources */,
				7A70228D234538C6007C42B4 /* Config.swift in Sources */,
				7A70229C234538C6007C42B4 /* Estimator.swift in Sources */,
				7A70225E23453893007C42B4 /* SceneDelegate.swift in Sources */,
				7A702293234538C6007C42B4 /* Array+Extensions.swift in Sources */,
				7A702294234538C6007C42B4 /* EstimationError.swift in Sources */,
				7A702296234538C6007C42B4 /* SimpleTransformer.swift in Sources */,
				7A702290234538C6007C42B4 /* PitchTracker.swift in Sources */,
				7A70229B234538C6007C42B4 /* InputSignalTracker.swift in Sources */,
				7A702299234538C6007C42B4 /* YINEstimator.swift in Sources */,
			);
			runOnlyForDeploymentPostprocessing = 0;
		};
/* End PBXSourcesBuildPhase section */

/* Begin PBXVariantGroup section */
		7A70226123453893007C42B4 /* Main.storyboard */ = {
			isa = PBXVariantGroup;
			children = (
				7A70226223453893007C42B4 /* Base */,
			);
			name = Main.storyboard;
			sourceTree = "<group>";
		};
		7A70226623453894007C42B4 /* LaunchScreen.storyboard */ = {
			isa = PBXVariantGroup;
			children = (
				7A70226723453894007C42B4 /* Base */,
			);
			name = LaunchScreen.storyboard;
			sourceTree = "<group>";
		};
/* End PBXVariantGroup section */

/* Begin XCBuildConfiguration section */
		7A70226A23453894007C42B4 /* Debug */ = {
			isa = XCBuildConfiguration;
			buildSettings = {
				ALWAYS_SEARCH_USER_PATHS = NO;
				CLANG_ANALYZER_NONNULL = YES;
				CLANG_ANALYZER_NUMBER_OBJECT_CONVERSION = YES_AGGRESSIVE;
				CLANG_CXX_LANGUAGE_STANDARD = "gnu++14";
				CLANG_CXX_LIBRARY = "libc++";
				CLANG_ENABLE_MODULES = YES;
				CLANG_ENABLE_OBJC_ARC = YES;
				CLANG_ENABLE_OBJC_WEAK = YES;
				CLANG_WARN_BLOCK_CAPTURE_AUTORELEASING = YES;
				CLANG_WARN_BOOL_CONVERSION = YES;
				CLANG_WARN_COMMA = YES;
				CLANG_WARN_CONSTANT_CONVERSION = YES;
				CLANG_WARN_DEPRECATED_OBJC_IMPLEMENTATIONS = YES;
				CLANG_WARN_DIRECT_OBJC_ISA_USAGE = YES_ERROR;
				CLANG_WARN_DOCUMENTATION_COMMENTS = YES;
				CLANG_WARN_EMPTY_BODY = YES;
				CLANG_WARN_ENUM_CONVERSION = YES;
				CLANG_WARN_INFINITE_RECURSION = YES;
				CLANG_WARN_INT_CONVERSION = YES;
				CLANG_WARN_NON_LITERAL_NULL_CONVERSION = YES;
				CLANG_WARN_OBJC_IMPLICIT_RETAIN_SELF = YES;
				CLANG_WARN_OBJC_LITERAL_CONVERSION = YES;
				CLANG_WARN_OBJC_ROOT_CLASS = YES_ERROR;
				CLANG_WARN_RANGE_LOOP_ANALYSIS = YES;
				CLANG_WARN_STRICT_PROTOTYPES = YES;
				CLANG_WARN_SUSPICIOUS_MOVE = YES;
				CLANG_WARN_UNGUARDED_AVAILABILITY = YES_AGGRESSIVE;
				CLANG_WARN_UNREACHABLE_CODE = YES;
				CLANG_WARN__DUPLICATE_METHOD_MATCH = YES;
				COPY_PHASE_STRIP = NO;
				DEBUG_INFORMATION_FORMAT = dwarf;
				ENABLE_STRICT_OBJC_MSGSEND = YES;
				ENABLE_TESTABILITY = YES;
				GCC_C_LANGUAGE_STANDARD = gnu11;
				GCC_DYNAMIC_NO_PIC = NO;
				GCC_NO_COMMON_BLOCKS = YES;
				GCC_OPTIMIZATION_LEVEL = 0;
				GCC_PREPROCESSOR_DEFINITIONS = (
					"DEBUG=1",
					"$(inherited)",
				);
				GCC_WARN_64_TO_32_BIT_CONVERSION = YES;
				GCC_WARN_ABOUT_RETURN_TYPE = YES_ERROR;
				GCC_WARN_UNDECLARED_SELECTOR = YES;
				GCC_WARN_UNINITIALIZED_AUTOS = YES_AGGRESSIVE;
				GCC_WARN_UNUSED_FUNCTION = YES;
				GCC_WARN_UNUSED_VARIABLE = YES;
				IPHONEOS_DEPLOYMENT_TARGET = 13.0;
				MTL_ENABLE_DEBUG_INFO = INCLUDE_SOURCE;
				MTL_FAST_MATH = YES;
				ONLY_ACTIVE_ARCH = YES;
				SDKROOT = iphoneos;
				SWIFT_ACTIVE_COMPILATION_CONDITIONS = DEBUG;
				SWIFT_OPTIMIZATION_LEVEL = "-Onone";
			};
			name = Debug;
		};
		7A70226B23453894007C42B4 /* Release */ = {
			isa = XCBuildConfiguration;
			buildSettings = {
				ALWAYS_SEARCH_USER_PATHS = NO;
				CLANG_ANALYZER_NONNULL = YES;
				CLANG_ANALYZER_NUMBER_OBJECT_CONVERSION = YES_AGGRESSIVE;
				CLANG_CXX_LANGUAGE_STANDARD = "gnu++14";
				CLANG_CXX_LIBRARY = "libc++";
				CLANG_ENABLE_MODULES = YES;
				CLANG_ENABLE_OBJC_ARC = YES;
				CLANG_ENABLE_OBJC_WEAK = YES;
				CLANG_WARN_BLOCK_CAPTURE_AUTORELEASING = YES;
				CLANG_WARN_BOOL_CONVERSION = YES;
				CLANG_WARN_COMMA = YES;
				CLANG_WARN_CONSTANT_CONVERSION = YES;
				CLANG_WARN_DEPRECATED_OBJC_IMPLEMENTATIONS = YES;
				CLANG_WARN_DIRECT_OBJC_ISA_USAGE = YES_ERROR;
				CLANG_WARN_DOCUMENTATION_COMMENTS = YES;
				CLANG_WARN_EMPTY_BODY = YES;
				CLANG_WARN_ENUM_CONVERSION = YES;
				CLANG_WARN_INFINITE_RECURSION = YES;
				CLANG_WARN_INT_CONVERSION = YES;
				CLANG_WARN_NON_LITERAL_NULL_CONVERSION = YES;
				CLANG_WARN_OBJC_IMPLICIT_RETAIN_SELF = YES;
				CLANG_WARN_OBJC_LITERAL_CONVERSION = YES;
				CLANG_WARN_OBJC_ROOT_CLASS = YES_ERROR;
				CLANG_WARN_RANGE_LOOP_ANALYSIS = YES;
				CLANG_WARN_STRICT_PROTOTYPES = YES;
				CLANG_WARN_SUSPICIOUS_MOVE = YES;
				CLANG_WARN_UNGUARDED_AVAILABILITY = YES_AGGRESSIVE;
				CLANG_WARN_UNREACHABLE_CODE = YES;
				CLANG_WARN__DUPLICATE_METHOD_MATCH = YES;
				COPY_PHASE_STRIP = NO;
				DEBUG_INFORMATION_FORMAT = "dwarf-with-dsym";
				ENABLE_NS_ASSERTIONS = NO;
				ENABLE_STRICT_OBJC_MSGSEND = YES;
				GCC_C_LANGUAGE_STANDARD = gnu11;
				GCC_NO_COMMON_BLOCKS = YES;
				GCC_WARN_64_TO_32_BIT_CONVERSION = YES;
				GCC_WARN_ABOUT_RETURN_TYPE = YES_ERROR;
				GCC_WARN_UNDECLARED_SELECTOR = YES;
				GCC_WARN_UNINITIALIZED_AUTOS = YES_AGGRESSIVE;
				GCC_WARN_UNUSED_FUNCTION = YES;
				GCC_WARN_UNUSED_VARIABLE = YES;
				IPHONEOS_DEPLOYMENT_TARGET = 13.0;
				MTL_ENABLE_DEBUG_INFO = NO;
				MTL_FAST_MATH = YES;
				SDKROOT = iphoneos;
				SWIFT_COMPILATION_MODE = wholemodule;
				SWIFT_OPTIMIZATION_LEVEL = "-O";
				VALIDATE_PRODUCT = YES;
			};
			name = Release;
		};
		7A70226D23453894007C42B4 /* Debug */ = {
			isa = XCBuildConfiguration;
			buildSettings = {
				ASSETCATALOG_COMPILER_APPICON_NAME = AppIcon;
				CODE_SIGN_STYLE = Automatic;
				DEVELOPMENT_TEAM = 35A3E26LB3;
				INFOPLIST_FILE = "Pitch Tracker/Info.plist";
				LD_RUNPATH_SEARCH_PATHS = (
					"$(inherited)",
					"@executable_path/Frameworks",
				);
				PRODUCT_BUNDLE_IDENTIFIER = "com.aavu.Pitch-Tracker";
				PRODUCT_NAME = "$(TARGET_NAME)";
				SWIFT_VERSION = 5.0;
				TARGETED_DEVICE_FAMILY = "1,2";
			};
			name = Debug;
		};
		7A70226E23453894007C42B4 /* Release */ = {
			isa = XCBuildConfiguration;
			buildSettings = {
				ASSETCATALOG_COMPILER_APPICON_NAME = AppIcon;
				CODE_SIGN_STYLE = Automatic;
				DEVELOPMENT_TEAM = 35A3E26LB3;
				INFOPLIST_FILE = "Pitch Tracker/Info.plist";
				LD_RUNPATH_SEARCH_PATHS = (
					"$(inherited)",
					"@executable_path/Frameworks",
				);
				PRODUCT_BUNDLE_IDENTIFIER = "com.aavu.Pitch-Tracker";
				PRODUCT_NAME = "$(TARGET_NAME)";
				SWIFT_VERSION = 5.0;
				TARGETED_DEVICE_FAMILY = "1,2";
			};
			name = Release;
		};
/* End XCBuildConfiguration section */

/* Begin XCConfigurationList section */
		7A70225323453893007C42B4 /* Build configuration list for PBXProject "Pitch Tracker" */ = {
			isa = XCConfigurationList;
			buildConfigurations = (
				7A70226A23453894007C42B4 /* Debug */,
				7A70226B23453894007C42B4 /* Release */,
			);
			defaultConfigurationIsVisible = 0;
			defaultConfigurationName = Release;
		};
		7A70226C23453894007C42B4 /* Build configuration list for PBXNativeTarget "Pitch Tracker" */ = {
			isa = XCConfigurationList;
			buildConfigurations = (
				7A70226D23453894007C42B4 /* Debug */,
				7A70226E23453894007C42B4 /* Release */,
			);
			defaultConfigurationIsVisible = 0;
			defaultConfigurationName = Release;
		};
/* End XCConfigurationList section */
	};
	rootObject = 7A70225023453893007C42B4 /* Project object */;
}
